// !$*UTF8*$!
{
	archiveVersion = 1;
	classes = {
	};
	objectVersion = 50;
	objects = {

/* Begin PBXBuildFile section */
		038D6ED4232536CA007ECD9D /* AppDelegate.swift in Sources */ = {isa = PBXBuildFile; fileRef = 038D6ED3232536CA007ECD9D /* AppDelegate.swift */; };
		038D6ED6232536CA007ECD9D /* ViewController.swift in Sources */ = {isa = PBXBuildFile; fileRef = 038D6ED5232536CA007ECD9D /* ViewController.swift */; };
		038D6ED9232536CA007ECD9D /* Main.storyboard in Resources */ = {isa = PBXBuildFile; fileRef = 038D6ED7232536CA007ECD9D /* Main.storyboard */; };
		038D6EDB232536CE007ECD9D /* Assets.xcassets in Resources */ = {isa = PBXBuildFile; fileRef = 038D6EDA232536CE007ECD9D /* Assets.xcassets */; };
		038D6EDE232536CE007ECD9D /* LaunchScreen.storyboard in Resources */ = {isa = PBXBuildFile; fileRef = 038D6EDC232536CE007ECD9D /* LaunchScreen.storyboard */; };
		038D6EE623253C5C007ECD9D /* Card.swift in Sources */ = {isa = PBXBuildFile; fileRef = 038D6EE523253C5C007ECD9D /* Card.swift */; };
		038D6EE823253CCE007ECD9D /* ConcentrationGameModel.swift in Sources */ = {isa = PBXBuildFile; fileRef = 038D6EE723253CCE007ECD9D /* ConcentrationGameModel.swift */; };
		038D6EEA23256FC2007ECD9D /* Themes.swift in Sources */ = {isa = PBXBuildFile; fileRef = 038D6EE923256FC2007ECD9D /* Themes.swift */; };
		038D6EEC2326F8D4007ECD9D /* Extensions.swift in Sources */ = {isa = PBXBuildFile; fileRef = 038D6EEB2326F8D4007ECD9D /* Extensions.swift */; };
/* End PBXBuildFile section */

/* Begin PBXFileReference section */
		038D6ED0232536CA007ECD9D /* concentration.app */ = {isa = PBXFileReference; explicitFileType = wrapper.application; includeInIndex = 0; path = concentration.app; sourceTree = BUILT_PRODUCTS_DIR; };
		038D6ED3232536CA007ECD9D /* AppDelegate.swift */ = {isa = PBXFileReference; lastKnownFileType = sourcecode.swift; path = AppDelegate.swift; sourceTree = "<group>"; };
		038D6ED5232536CA007ECD9D /* ViewController.swift */ = {isa = PBXFileReference; lastKnownFileType = sourcecode.swift; path = ViewController.swift; sourceTree = "<group>"; };
		038D6ED8232536CA007ECD9D /* Base */ = {isa = PBXFileReference; lastKnownFileType = file.storyboard; name = Base; path = Base.lproj/Main.storyboard; sourceTree = "<group>"; };
		038D6EDA232536CE007ECD9D /* Assets.xcassets */ = {isa = PBXFileReference; lastKnownFileType = folder.assetcatalog; path = Assets.xcassets; sourceTree = "<group>"; };
		038D6EDD232536CE007ECD9D /* Base */ = {isa = PBXFileReference; lastKnownFileType = file.storyboard; name = Base; path = Base.lproj/LaunchScreen.storyboard; sourceTree = "<group>"; };
		038D6EDF232536CE007ECD9D /* Info.plist */ = {isa = PBXFileReference; lastKnownFileType = text.plist.xml; path = Info.plist; sourceTree = "<group>"; };
		038D6EE523253C5C007ECD9D /* Card.swift */ = {isa = PBXFileReference; lastKnownFileType = sourcecode.swift; path = Card.swift; sourceTree = "<group>"; };
		038D6EE723253CCE007ECD9D /* ConcentrationGameModel.swift */ = {isa = PBXFileReference; lastKnownFileType = sourcecode.swift; path = ConcentrationGameModel.swift; sourceTree = "<group>"; };
		038D6EE923256FC2007ECD9D /* Themes.swift */ = {isa = PBXFileReference; lastKnownFileType = sourcecode.swift; path = Themes.swift; sourceTree = "<group>"; };
		038D6EEB2326F8D4007ECD9D /* Extensions.swift */ = {isa = PBXFileReference; lastKnownFileType = sourcecode.swift; path = Extensions.swift; sourceTree = "<group>"; };
/* End PBXFileReference section */

/* Begin PBXFrameworksBuildPhase section */
		038D6ECD232536CA007ECD9D /* Frameworks */ = {
			isa = PBXFrameworksBuildPhase;
			buildActionMask = 2147483647;
			files = (
			);
			runOnlyForDeploymentPostprocessing = 0;
		};
/* End PBXFrameworksBuildPhase section */

/* Begin PBXGroup section */
		038D6EC7232536CA007ECD9D = {
			isa = PBXGroup;
			children = (
				038D6ED2232536CA007ECD9D /* concentration */,
				038D6ED1232536CA007ECD9D /* Products */,
			);
			sourceTree = "<group>";
		};
		038D6ED1232536CA007ECD9D /* Products */ = {
			isa = PBXGroup;
			children = (
				038D6ED0232536CA007ECD9D /* concentration.app */,
			);
			name = Products;
			sourceTree = "<group>";
		};
		038D6ED2232536CA007ECD9D /* concentration */ = {
			isa = PBXGroup;
			children = (
				038D6ED3232536CA007ECD9D /* AppDelegate.swift */,
				038D6ED5232536CA007ECD9D /* ViewController.swift */,
				038D6ED7232536CA007ECD9D /* Main.storyboard */,
				038D6EDA232536CE007ECD9D /* Assets.xcassets */,
				038D6EDC232536CE007ECD9D /* LaunchScreen.storyboard */,
				038D6EDF232536CE007ECD9D /* Info.plist */,
				038D6EE523253C5C007ECD9D /* Card.swift */,
				038D6EE723253CCE007ECD9D /* ConcentrationGameModel.swift */,
				038D6EE923256FC2007ECD9D /* Themes.swift */,
				038D6EEB2326F8D4007ECD9D /* Extensions.swift */,
			);
			path = concentration;
			sourceTree = "<group>";
		};
/* End PBXGroup section */

/* Begin PBXNativeTarget section */
		038D6ECF232536CA007ECD9D /* concentration */ = {
			isa = PBXNativeTarget;
			buildConfigurationList = 038D6EE2232536CE007ECD9D /* Build configuration list for PBXNativeTarget "concentration" */;
			buildPhases = (
				038D6ECC232536CA007ECD9D /* Sources */,
				038D6ECD232536CA007ECD9D /* Frameworks */,
				038D6ECE232536CA007ECD9D /* Resources */,
			);
			buildRules = (
			);
			dependencies = (
			);
			name = concentration;
			productName = concentration;
			productReference = 038D6ED0232536CA007ECD9D /* concentration.app */;
			productType = "com.apple.product-type.application";
		};
/* End PBXNativeTarget section */

/* Begin PBXProject section */
		038D6EC8232536CA007ECD9D /* Project object */ = {
			isa = PBXProject;
			attributes = {
				LastSwiftUpdateCheck = 1030;
				LastUpgradeCheck = 1030;
				ORGANIZATIONNAME = "Роман Захаров";
				TargetAttributes = {
					038D6ECF232536CA007ECD9D = {
						CreatedOnToolsVersion = 10.3;
					};
				};
			};
			buildConfigurationList = 038D6ECB232536CA007ECD9D /* Build configuration list for PBXProject "concentration" */;
			compatibilityVersion = "Xcode 9.3";
			developmentRegion = en;
			hasScannedForEncodings = 0;
			knownRegions = (
				en,
				Base,
			);
			mainGroup = 038D6EC7232536CA007ECD9D;
			productRefGroup = 038D6ED1232536CA007ECD9D /* Products */;
			projectDirPath = "";
			projectRoot = "";
			targets = (
				038D6ECF232536CA007ECD9D /* concentration */,
			);
		};
/* End PBXProject section */

/* Begin PBXResourcesBuildPhase section */
		038D6ECE232536CA007ECD9D /* Resources */ = {
			isa = PBXResourcesBuildPhase;
			buildActionMask = 2147483647;
			files = (
				038D6EDE232536CE007ECD9D /* LaunchScreen.storyboard in Resources */,
				038D6EDB232536CE007ECD9D /* Assets.xcassets in Resources */,
				038D6ED9232536CA007ECD9D /* Main.storyboard in Resources */,
			);
			runOnlyForDeploymentPostprocessing = 0;
		};
/* End PBXResourcesBuildPhase section */

/* Begin PBXSourcesBuildPhase section */
		038D6ECC232536CA007ECD9D /* Sources */ = {
			isa = PBXSourcesBuildPhase;
			buildActionMask = 2147483647;
			files = (
				038D6ED6232536CA007ECD9D /* ViewController.swift in Sources */,
				038D6EEC2326F8D4007ECD9D /* Extensions.swift in Sources */,
				038D6EE823253CCE007ECD9D /* ConcentrationGameModel.swift in Sources */,
				038D6EE623253C5C007ECD9D /* Card.swift in Sources */,
				038D6EEA23256FC2007ECD9D /* Themes.swift in Sources */,
				038D6ED4232536CA007ECD9D /* AppDelegate.swift in Sources */,
			);
			runOnlyForDeploymentPostprocessing = 0;
		};
/* End PBXSourcesBuildPhase section */

/* Begin PBXVariantGroup section */
		038D6ED7232536CA007ECD9D /* Main.storyboard */ = {
			isa = PBXVariantGroup;
			children = (
				038D6ED8232536CA007ECD9D /* Base */,
			);
			name = Main.storyboard;
			sourceTree = "<group>";
		};
		038D6EDC232536CE007ECD9D /* LaunchScreen.storyboard */ = {
			isa = PBXVariantGroup;
			children = (
				038D6EDD232536CE007ECD9D /* Base */,
			);
			name = LaunchScreen.storyboard;
			sourceTree = "<group>";
		};
/* End PBXVariantGroup section */

/* Begin XCBuildConfiguration section */
		038D6EE0232536CE007ECD9D /* Debug */ = {
			isa = XCBuildConfiguration;
			buildSettings = {
				ALWAYS_SEARCH_USER_PATHS = NO;
				CLANG_ANALYZER_NONNULL = YES;
				CLANG_ANALYZER_NUMBER_OBJECT_CONVERSION = YES_AGGRESSIVE;
				CLANG_CXX_LANGUAGE_STANDARD = "gnu++14";
				CLANG_CXX_LIBRARY = "libc++";
				CLANG_ENABLE_MODULES = YES;
				CLANG_ENABLE_OBJC_ARC = YES;
				CLANG_ENABLE_OBJC_WEAK = YES;
				CLANG_WARN_BLOCK_CAPTURE_AUTORELEASING = YES;
				CLANG_WARN_BOOL_CONVERSION = YES;
				CLANG_WARN_COMMA = YES;
				CLANG_WARN_CONSTANT_CONVERSION = YES;
				CLANG_WARN_DEPRECATED_OBJC_IMPLEMENTATIONS = YES;
				CLANG_WARN_DIRECT_OBJC_ISA_USAGE = YES_ERROR;
				CLANG_WARN_DOCUMENTATION_COMMENTS = YES;
				CLANG_WARN_EMPTY_BODY = YES;
				CLANG_WARN_ENUM_CONVERSION = YES;
				CLANG_WARN_INFINITE_RECURSION = YES;
				CLANG_WARN_INT_CONVERSION = YES;
				CLANG_WARN_NON_LITERAL_NULL_CONVERSION = YES;
				CLANG_WARN_OBJC_IMPLICIT_RETAIN_SELF = YES;
				CLANG_WARN_OBJC_LITERAL_CONVERSION = YES;
				CLANG_WARN_OBJC_ROOT_CLASS = YES_ERROR;
				CLANG_WARN_RANGE_LOOP_ANALYSIS = YES;
				CLANG_WARN_STRICT_PROTOTYPES = YES;
				CLANG_WARN_SUSPICIOUS_MOVE = YES;
				CLANG_WARN_UNGUARDED_AVAILABILITY = YES_AGGRESSIVE;
				CLANG_WARN_UNREACHABLE_CODE = YES;
				CLANG_WARN__DUPLICATE_METHOD_MATCH = YES;
				CODE_SIGN_IDENTITY = "iPhone Developer";
				COPY_PHASE_STRIP = NO;
				DEBUG_INFORMATION_FORMAT = dwarf;
				ENABLE_STRICT_OBJC_MSGSEND = YES;
				ENABLE_TESTABILITY = YES;
				GCC_C_LANGUAGE_STANDARD = gnu11;
				GCC_DYNAMIC_NO_PIC = NO;
				GCC_NO_COMMON_BLOCKS = YES;
				GCC_OPTIMIZATION_LEVEL = 0;
				GCC_PREPROCESSOR_DEFINITIONS = (
					"DEBUG=1",
					"$(inherited)",
				);
				GCC_WARN_64_TO_32_BIT_CONVERSION = YES;
				GCC_WARN_ABOUT_RETURN_TYPE = YES_ERROR;
				GCC_WARN_UNDECLARED_SELECTOR = YES;
				GCC_WARN_UNINITIALIZED_AUTOS = YES_AGGRESSIVE;
				GCC_WARN_UNUSED_FUNCTION = YES;
				GCC_WARN_UNUSED_VARIABLE = YES;
				IPHONEOS_DEPLOYMENT_TARGET = 12.4;
				MTL_ENABLE_DEBUG_INFO = INCLUDE_SOURCE;
				MTL_FAST_MATH = YES;
				ONLY_ACTIVE_ARCH = YES;
				SDKROOT = iphoneos;
				SWIFT_ACTIVE_COMPILATION_CONDITIONS = DEBUG;
				SWIFT_OPTIMIZATION_LEVEL = "-Onone";
			};
			name = Debug;
		};
		038D6EE1232536CE007ECD9D /* Release */ = {
			isa = XCBuildConfiguration;
			buildSettings = {
				ALWAYS_SEARCH_USER_PATHS = NO;
				CLANG_ANALYZER_NONNULL = YES;
				CLANG_ANALYZER_NUMBER_OBJECT_CONVERSION = YES_AGGRESSIVE;
				CLANG_CXX_LANGUAGE_STANDARD = "gnu++14";
				CLANG_CXX_LIBRARY = "libc++";
				CLANG_ENABLE_MODULES = YES;
				CLANG_ENABLE_OBJC_ARC = YES;
				CLANG_ENABLE_OBJC_WEAK = YES;
				CLANG_WARN_BLOCK_CAPTURE_AUTORELEASING = YES;
				CLANG_WARN_BOOL_CONVERSION = YES;
				CLANG_WARN_COMMA = YES;
				CLANG_WARN_CONSTANT_CONVERSION = YES;
				CLANG_WARN_DEPRECATED_OBJC_IMPLEMENTATIONS = YES;
				CLANG_WARN_DIRECT_OBJC_ISA_USAGE = YES_ERROR;
				CLANG_WARN_DOCUMENTATION_COMMENTS = YES;
				CLANG_WARN_EMPTY_BODY = YES;
				CLANG_WARN_ENUM_CONVERSION = YES;
				CLANG_WARN_INFINITE_RECURSION = YES;
				CLANG_WARN_INT_CONVERSION = YES;
				CLANG_WARN_NON_LITERAL_NULL_CONVERSION = YES;
				CLANG_WARN_OBJC_IMPLICIT_RETAIN_SELF = YES;
				CLANG_WARN_OBJC_LITERAL_CONVERSION = YES;
				CLANG_WARN_OBJC_ROOT_CLASS = YES_ERROR;
				CLANG_WARN_RANGE_LOOP_ANALYSIS = YES;
				CLANG_WARN_STRICT_PROTOTYPES = YES;
				CLANG_WARN_SUSPICIOUS_MOVE = YES;
				CLANG_WARN_UNGUARDED_AVAILABILITY = YES_AGGRESSIVE;
				CLANG_WARN_UNREACHABLE_CODE = YES;
				CLANG_WARN__DUPLICATE_METHOD_MATCH = YES;
				CODE_SIGN_IDENTITY = "iPhone Developer";
				COPY_PHASE_STRIP = NO;
				DEBUG_INFORMATION_FORMAT = "dwarf-with-dsym";
				ENABLE_NS_ASSERTIONS = NO;
				ENABLE_STRICT_OBJC_MSGSEND = YES;
				GCC_C_LANGUAGE_STANDARD = gnu11;
				GCC_NO_COMMON_BLOCKS = YES;
				GCC_WARN_64_TO_32_BIT_CONVERSION = YES;
				GCC_WARN_ABOUT_RETURN_TYPE = YES_ERROR;
				GCC_WARN_UNDECLARED_SELECTOR = YES;
				GCC_WARN_UNINITIALIZED_AUTOS = YES_AGGRESSIVE;
				GCC_WARN_UNUSED_FUNCTION = YES;
				GCC_WARN_UNUSED_VARIABLE = YES;
				IPHONEOS_DEPLOYMENT_TARGET = 12.4;
				MTL_ENABLE_DEBUG_INFO = NO;
				MTL_FAST_MATH = YES;
				SDKROOT = iphoneos;
				SWIFT_COMPILATION_MODE = wholemodule;
				SWIFT_OPTIMIZATION_LEVEL = "-O";
				VALIDATE_PRODUCT = YES;
			};
			name = Release;
		};
		038D6EE3232536CE007ECD9D /* Debug */ = {
			isa = XCBuildConfiguration;
			buildSettings = {
				ASSETCATALOG_COMPILER_APPICON_NAME = AppIcon;
				CODE_SIGN_STYLE = Automatic;
				DEVELOPMENT_TEAM = "";
				INFOPLIST_FILE = concentration/Info.plist;
				LD_RUNPATH_SEARCH_PATHS = (
					"$(inherited)",
					"@executable_path/Frameworks",
				);
				PRODUCT_BUNDLE_IDENTIFIER = com.rzakharov.concentration;
				PRODUCT_NAME = "$(TARGET_NAME)";
				SWIFT_VERSION = 5.0;
				TARGETED_DEVICE_FAMILY = "1,2";
			};
			name = Debug;
		};
		038D6EE4232536CE007ECD9D /* Release */ = {
			isa = XCBuildConfiguration;
			buildSettings = {
				ASSETCATALOG_COMPILER_APPICON_NAME = AppIcon;
				CODE_SIGN_STYLE = Automatic;
				DEVELOPMENT_TEAM = "";
				INFOPLIST_FILE = concentration/Info.plist;
				LD_RUNPATH_SEARCH_PATHS = (
					"$(inherited)",
					"@executable_path/Frameworks",
				);
				PRODUCT_BUNDLE_IDENTIFIER = com.rzakharov.concentration;
				PRODUCT_NAME = "$(TARGET_NAME)";
				SWIFT_VERSION = 5.0;
				TARGETED_DEVICE_FAMILY = "1,2";
			};
			name = Release;
		};
/* End XCBuildConfiguration section */

/* Begin XCConfigurationList section */
		038D6ECB232536CA007ECD9D /* Build configuration list for PBXProject "concentration" */ = {
			isa = XCConfigurationList;
			buildConfigurations = (
				038D6EE0232536CE007ECD9D /* Debug */,
				038D6EE1232536CE007ECD9D /* Release */,
			);
			defaultConfigurationIsVisible = 0;
			defaultConfigurationName = Release;
		};
		038D6EE2232536CE007ECD9D /* Build configuration list for PBXNativeTarget "concentration" */ = {
			isa = XCConfigurationList;
			buildConfigurations = (
				038D6EE3232536CE007ECD9D /* Debug */,
				038D6EE4232536CE007ECD9D /* Release */,
			);
			defaultConfigurationIsVisible = 0;
			defaultConfigurationName = Release;
		};
/* End XCConfigurationList section */
	};
	rootObject = 038D6EC8232536CA007ECD9D /* Project object */;
}
